
Microsoft Visual Studio Solution File, Format Version 12.00
# Visual Studio 15
VisualStudioVersion = 15.0.28307.1300
MinimumVisualStudioVersion = 10.0.40219.1
Project("{FAE04EC0-301F-11D3-BF4B-00C04F79EFBC}") = "bis_yönetici", "bis_yönetici\bis_yönetici.csproj", "{E93E2538-4FC6-4F48-9536-ED65D2114201}"
EndProject
Global
	GlobalSection(SolutionConfigurationPlatforms) = preSolution
		Debug|Any CPU = Debug|Any CPU
		Release|Any CPU = Release|Any CPU
	EndGlobalSection
	GlobalSection(ProjectConfigurationPlatforms) = postSolution
		{E93E2538-4FC6-4F48-9536-ED65D2114201}.Debug|Any CPU.ActiveCfg = Debug|Any CPU
		{E93E2538-4FC6-4F48-9536-ED65D2114201}.Debug|Any CPU.Build.0 = Debug|Any CPU
		{E93E2538-4FC6-4F48-9536-ED65D2114201}.Release|Any CPU.ActiveCfg = Release|Any CPU
		{E93E2538-4FC6-4F48-9536-ED65D2114201}.Release|Any CPU.Build.0 = Release|Any CPU
	EndGlobalSection
	GlobalSection(SolutionProperties) = preSolution
		HideSolutionNode = FALSE
	EndGlobalSection
	GlobalSection(ExtensibilityGlobals) = postSolution
		SolutionGuid = {48D4B70A-1EE6-475D-BDDD-B82A8B1909FA}
	EndGlobalSection
EndGlobal
